// !$*UTF8*$!
{
	archiveVersion = 1;
	classes = {
	};
	objectVersion = 46;
	objects = {

/* Begin PBXBuildFile section */
		06DEDE881C3862BC009F4D41 /* AppDelegate.swift in Sources */ = {isa = PBXBuildFile; fileRef = 06DEDE871C3862BC009F4D41 /* AppDelegate.swift */; };
		06DEDE8A1C3862BC009F4D41 /* Assets.xcassets in Resources */ = {isa = PBXBuildFile; fileRef = 06DEDE891C3862BC009F4D41 /* Assets.xcassets */; };
		06DEDE8D1C3862BC009F4D41 /* MainMenu.xib in Resources */ = {isa = PBXBuildFile; fileRef = 06DEDE8B1C3862BC009F4D41 /* MainMenu.xib */; };
		06DEDE981C3862BC009F4D41 /* DJ_Khaled_QuotesTests.swift in Sources */ = {isa = PBXBuildFile; fileRef = 06DEDE971C3862BC009F4D41 /* DJ_Khaled_QuotesTests.swift */; };
/* End PBXBuildFile section */

/* Begin PBXContainerItemProxy section */
		06DEDE941C3862BC009F4D41 /* PBXContainerItemProxy */ = {
			isa = PBXContainerItemProxy;
			containerPortal = 06DEDE7C1C3862BC009F4D41 /* Project object */;
			proxyType = 1;
			remoteGlobalIDString = 06DEDE831C3862BC009F4D41;
			remoteInfo = "DJ Khaled Quotes";
		};
/* End PBXContainerItemProxy section */

/* Begin PBXFileReference section */
		06DEDE841C3862BC009F4D41 /* DJ Khaled Quotes.app */ = {isa = PBXFileReference; explicitFileType = wrapper.application; includeInIndex = 0; path = "DJ Khaled Quotes.app"; sourceTree = BUILT_PRODUCTS_DIR; };
		06DEDE871C3862BC009F4D41 /* AppDelegate.swift */ = {isa = PBXFileReference; lastKnownFileType = sourcecode.swift; path = AppDelegate.swift; sourceTree = "<group>"; };
		06DEDE891C3862BC009F4D41 /* Assets.xcassets */ = {isa = PBXFileReference; lastKnownFileType = folder.assetcatalog; path = Assets.xcassets; sourceTree = "<group>"; };
		06DEDE8C1C3862BC009F4D41 /* Base */ = {isa = PBXFileReference; lastKnownFileType = file.xib; name = Base; path = Base.lproj/MainMenu.xib; sourceTree = "<group>"; };
		06DEDE8E1C3862BC009F4D41 /* Info.plist */ = {isa = PBXFileReference; lastKnownFileType = text.plist.xml; path = Info.plist; sourceTree = "<group>"; };
		06DEDE931C3862BC009F4D41 /* DJ Khaled QuotesTests.xctest */ = {isa = PBXFileReference; explicitFileType = wrapper.cfbundle; includeInIndex = 0; path = "DJ Khaled QuotesTests.xctest"; sourceTree = BUILT_PRODUCTS_DIR; };
		06DEDE971C3862BC009F4D41 /* DJ_Khaled_QuotesTests.swift */ = {isa = PBXFileReference; lastKnownFileType = sourcecode.swift; path = DJ_Khaled_QuotesTests.swift; sourceTree = "<group>"; };
		06DEDE991C3862BC009F4D41 /* Info.plist */ = {isa = PBXFileReference; lastKnownFileType = text.plist.xml; path = Info.plist; sourceTree = "<group>"; };
/* End PBXFileReference section */

/* Begin PBXFrameworksBuildPhase section */
		06DEDE811C3862BC009F4D41 /* Frameworks */ = {
			isa = PBXFrameworksBuildPhase;
			buildActionMask = 2147483647;
			files = (
			);
			runOnlyForDeploymentPostprocessing = 0;
		};
		06DEDE901C3862BC009F4D41 /* Frameworks */ = {
			isa = PBXFrameworksBuildPhase;
			buildActionMask = 2147483647;
			files = (
			);
			runOnlyForDeploymentPostprocessing = 0;
		};
/* End PBXFrameworksBuildPhase section */

/* Begin PBXGroup section */
		06DEDE7B1C3862BC009F4D41 = {
			isa = PBXGroup;
			children = (
				06DEDE861C3862BC009F4D41 /* DJ Khaled Quotes */,
				06DEDE961C3862BC009F4D41 /* DJ Khaled QuotesTests */,
				06DEDE851C3862BC009F4D41 /* Products */,
			);
			sourceTree = "<group>";
		};
		06DEDE851C3862BC009F4D41 /* Products */ = {
			isa = PBXGroup;
			children = (
				06DEDE841C3862BC009F4D41 /* DJ Khaled Quotes.app */,
				06DEDE931C3862BC009F4D41 /* DJ Khaled QuotesTests.xctest */,
			);
			name = Products;
			sourceTree = "<group>";
		};
		06DEDE861C3862BC009F4D41 /* DJ Khaled Quotes */ = {
			isa = PBXGroup;
			children = (
				06DEDE871C3862BC009F4D41 /* AppDelegate.swift */,
				06DEDE891C3862BC009F4D41 /* Assets.xcassets */,
				06DEDE8B1C3862BC009F4D41 /* MainMenu.xib */,
				06DEDE8E1C3862BC009F4D41 /* Info.plist */,
			);
			path = "DJ Khaled Quotes";
			sourceTree = "<group>";
		};
		06DEDE961C3862BC009F4D41 /* DJ Khaled QuotesTests */ = {
			isa = PBXGroup;
			children = (
				06DEDE971C3862BC009F4D41 /* DJ_Khaled_QuotesTests.swift */,
				06DEDE991C3862BC009F4D41 /* Info.plist */,
			);
			path = "DJ Khaled QuotesTests";
			sourceTree = "<group>";
		};
/* End PBXGroup section */

/* Begin PBXNativeTarget section */
		06DEDE831C3862BC009F4D41 /* DJ Khaled Quotes */ = {
			isa = PBXNativeTarget;
			buildConfigurationList = 06DEDE9C1C3862BC009F4D41 /* Build configuration list for PBXNativeTarget "DJ Khaled Quotes" */;
			buildPhases = (
				06DEDE801C3862BC009F4D41 /* Sources */,
				06DEDE811C3862BC009F4D41 /* Frameworks */,
				06DEDE821C3862BC009F4D41 /* Resources */,
			);
			buildRules = (
			);
			dependencies = (
			);
			name = "DJ Khaled Quotes";
			productName = "DJ Khaled Quotes";
			productReference = 06DEDE841C3862BC009F4D41 /* DJ Khaled Quotes.app */;
			productType = "com.apple.product-type.application";
		};
		06DEDE921C3862BC009F4D41 /* DJ Khaled QuotesTests */ = {
			isa = PBXNativeTarget;
			buildConfigurationList = 06DEDE9F1C3862BC009F4D41 /* Build configuration list for PBXNativeTarget "DJ Khaled QuotesTests" */;
			buildPhases = (
				06DEDE8F1C3862BC009F4D41 /* Sources */,
				06DEDE901C3862BC009F4D41 /* Frameworks */,
				06DEDE911C3862BC009F4D41 /* Resources */,
			);
			buildRules = (
			);
			dependencies = (
				06DEDE951C3862BC009F4D41 /* PBXTargetDependency */,
			);
			name = "DJ Khaled QuotesTests";
			productName = "DJ Khaled QuotesTests";
			productReference = 06DEDE931C3862BC009F4D41 /* DJ Khaled QuotesTests.xctest */;
			productType = "com.apple.product-type.bundle.unit-test";
		};
/* End PBXNativeTarget section */

/* Begin PBXProject section */
		06DEDE7C1C3862BC009F4D41 /* Project object */ = {
			isa = PBXProject;
			attributes = {
				LastSwiftUpdateCheck = 0720;
				LastUpgradeCheck = 0720;
				ORGANIZATIONNAME = TDApps;
				TargetAttributes = {
					06DEDE831C3862BC009F4D41 = {
						CreatedOnToolsVersion = 7.2;
					};
					06DEDE921C3862BC009F4D41 = {
						CreatedOnToolsVersion = 7.2;
						TestTargetID = 06DEDE831C3862BC009F4D41;
					};
				};
			};
			buildConfigurationList = 06DEDE7F1C3862BC009F4D41 /* Build configuration list for PBXProject "DJ Khaled Quotes" */;
			compatibilityVersion = "Xcode 3.2";
			developmentRegion = English;
			hasScannedForEncodings = 0;
			knownRegions = (
				en,
				Base,
			);
			mainGroup = 06DEDE7B1C3862BC009F4D41;
			productRefGroup = 06DEDE851C3862BC009F4D41 /* Products */;
			projectDirPath = "";
			projectRoot = "";
			targets = (
				06DEDE831C3862BC009F4D41 /* DJ Khaled Quotes */,
				06DEDE921C3862BC009F4D41 /* DJ Khaled QuotesTests */,
			);
		};
/* End PBXProject section */

/* Begin PBXResourcesBuildPhase section */
		06DEDE821C3862BC009F4D41 /* Resources */ = {
			isa = PBXResourcesBuildPhase;
			buildActionMask = 2147483647;
			files = (
				06DEDE8A1C3862BC009F4D41 /* Assets.xcassets in Resources */,
				06DEDE8D1C3862BC009F4D41 /* MainMenu.xib in Resources */,
			);
			runOnlyForDeploymentPostprocessing = 0;
		};
		06DEDE911C3862BC009F4D41 /* Resources */ = {
			isa = PBXResourcesBuildPhase;
			buildActionMask = 2147483647;
			files = (
			);
			runOnlyForDeploymentPostprocessing = 0;
		};
/* End PBXResourcesBuildPhase section */

/* Begin PBXSourcesBuildPhase section */
		06DEDE801C3862BC009F4D41 /* Sources */ = {
			isa = PBXSourcesBuildPhase;
			buildActionMask = 2147483647;
			files = (
				06DEDE881C3862BC009F4D41 /* AppDelegate.swift in Sources */,
			);
			runOnlyForDeploymentPostprocessing = 0;
		};
		06DEDE8F1C3862BC009F4D41 /* Sources */ = {
			isa = PBXSourcesBuildPhase;
			buildActionMask = 2147483647;
			files = (
				06DEDE981C3862BC009F4D41 /* DJ_Khaled_QuotesTests.swift in Sources */,
			);
			runOnlyForDeploymentPostprocessing = 0;
		};
/* End PBXSourcesBuildPhase section */

/* Begin PBXTargetDependency section */
		06DEDE951C3862BC009F4D41 /* PBXTargetDependency */ = {
			isa = PBXTargetDependency;
			target = 06DEDE831C3862BC009F4D41 /* DJ Khaled Quotes */;
			targetProxy = 06DEDE941C3862BC009F4D41 /* PBXContainerItemProxy */;
		};
/* End PBXTargetDependency section */

/* Begin PBXVariantGroup section */
		06DEDE8B1C3862BC009F4D41 /* MainMenu.xib */ = {
			isa = PBXVariantGroup;
			children = (
				06DEDE8C1C3862BC009F4D41 /* Base */,
			);
			name = MainMenu.xib;
			sourceTree = "<group>";
		};
/* End PBXVariantGroup section */

/* Begin XCBuildConfiguration section */
		06DEDE9A1C3862BC009F4D41 /* Debug */ = {
			isa = XCBuildConfiguration;
			buildSettings = {
				ALWAYS_SEARCH_USER_PATHS = NO;
				CLANG_CXX_LANGUAGE_STANDARD = "gnu++0x";
				CLANG_CXX_LIBRARY = "libc++";
				CLANG_ENABLE_MODULES = YES;
				CLANG_ENABLE_OBJC_ARC = YES;
				CLANG_WARN_BOOL_CONVERSION = YES;
				CLANG_WARN_CONSTANT_CONVERSION = YES;
				CLANG_WARN_DIRECT_OBJC_ISA_USAGE = YES_ERROR;
				CLANG_WARN_EMPTY_BODY = YES;
				CLANG_WARN_ENUM_CONVERSION = YES;
				CLANG_WARN_INT_CONVERSION = YES;
				CLANG_WARN_OBJC_ROOT_CLASS = YES_ERROR;
				CLANG_WARN_UNREACHABLE_CODE = YES;
				CLANG_WARN__DUPLICATE_METHOD_MATCH = YES;
				CODE_SIGN_IDENTITY = "-";
				COPY_PHASE_STRIP = NO;
				DEBUG_INFORMATION_FORMAT = dwarf;
				ENABLE_STRICT_OBJC_MSGSEND = YES;
				ENABLE_TESTABILITY = YES;
				GCC_C_LANGUAGE_STANDARD = gnu99;
				GCC_DYNAMIC_NO_PIC = NO;
				GCC_NO_COMMON_BLOCKS = YES;
				GCC_OPTIMIZATION_LEVEL = 0;
				GCC_PREPROCESSOR_DEFINITIONS = (
					"DEBUG=1",
					"$(inherited)",
				);
				GCC_WARN_64_TO_32_BIT_CONVERSION = YES;
				GCC_WARN_ABOUT_RETURN_TYPE = YES_ERROR;
				GCC_WARN_UNDECLARED_SELECTOR = YES;
				GCC_WARN_UNINITIALIZED_AUTOS = YES_AGGRESSIVE;
				GCC_WARN_UNUSED_FUNCTION = YES;
				GCC_WARN_UNUSED_VARIABLE = YES;
				MACOSX_DEPLOYMENT_TARGET = 10.11;
				MTL_ENABLE_DEBUG_INFO = YES;
				ONLY_ACTIVE_ARCH = YES;
				SDKROOT = macosx;
				SWIFT_OPTIMIZATION_LEVEL = "-Onone";
			};
			name = Debug;
		};
		06DEDE9B1C3862BC009F4D41 /* Release */ = {
			isa = XCBuildConfiguration;
			buildSettings = {
				ALWAYS_SEARCH_USER_PATHS = NO;
				CLANG_CXX_LANGUAGE_STANDARD = "gnu++0x";
				CLANG_CXX_LIBRARY = "libc++";
				CLANG_ENABLE_MODULES = YES;
				CLANG_ENABLE_OBJC_ARC = YES;
				CLANG_WARN_BOOL_CONVERSION = YES;
				CLANG_WARN_CONSTANT_CONVERSION = YES;
				CLANG_WARN_DIRECT_OBJC_ISA_USAGE = YES_ERROR;
				CLANG_WARN_EMPTY_BODY = YES;
				CLANG_WARN_ENUM_CONVERSION = YES;
				CLANG_WARN_INT_CONVERSION = YES;
				CLANG_WARN_OBJC_ROOT_CLASS = YES_ERROR;
				CLANG_WARN_UNREACHABLE_CODE = YES;
				CLANG_WARN__DUPLICATE_METHOD_MATCH = YES;
				CODE_SIGN_IDENTITY = "-";
				COPY_PHASE_STRIP = NO;
				DEBUG_INFORMATION_FORMAT = "dwarf-with-dsym";
				ENABLE_NS_ASSERTIONS = NO;
				ENABLE_STRICT_OBJC_MSGSEND = YES;
				GCC_C_LANGUAGE_STANDARD = gnu99;
				GCC_NO_COMMON_BLOCKS = YES;
				GCC_WARN_64_TO_32_BIT_CONVERSION = YES;
				GCC_WARN_ABOUT_RETURN_TYPE = YES_ERROR;
				GCC_WARN_UNDECLARED_SELECTOR = YES;
				GCC_WARN_UNINITIALIZED_AUTOS = YES_AGGRESSIVE;
				GCC_WARN_UNUSED_FUNCTION = YES;
				GCC_WARN_UNUSED_VARIABLE = YES;
				MACOSX_DEPLOYMENT_TARGET = 10.11;
				MTL_ENABLE_DEBUG_INFO = NO;
				SDKROOT = macosx;
			};
			name = Release;
		};
		06DEDE9D1C3862BC009F4D41 /* Debug */ = {
			isa = XCBuildConfiguration;
			buildSettings = {
				ASSETCATALOG_COMPILER_APPICON_NAME = AppIcon;
				COMBINE_HIDPI_IMAGES = YES;
				INFOPLIST_FILE = "DJ Khaled Quotes/Info.plist";
				LD_RUNPATH_SEARCH_PATHS = "$(inherited) @executable_path/../Frameworks";
				PRODUCT_BUNDLE_IDENTIFIER = "com.TDApps.DJ-Khaled-Quotes";
				PRODUCT_NAME = "$(TARGET_NAME)";
			};
			name = Debug;
		};
		06DEDE9E1C3862BC009F4D41 /* Release */ = {
			isa = XCBuildConfiguration;
			buildSettings = {
				ASSETCATALOG_COMPILER_APPICON_NAME = AppIcon;
				COMBINE_HIDPI_IMAGES = YES;
				INFOPLIST_FILE = "DJ Khaled Quotes/Info.plist";
				LD_RUNPATH_SEARCH_PATHS = "$(inherited) @executable_path/../Frameworks";
				PRODUCT_BUNDLE_IDENTIFIER = "com.TDApps.DJ-Khaled-Quotes";
				PRODUCT_NAME = "$(TARGET_NAME)";
			};
			name = Release;
		};
		06DEDEA01C3862BC009F4D41 /* Debug */ = {
			isa = XCBuildConfiguration;
			buildSettings = {
				BUNDLE_LOADER = "$(TEST_HOST)";
				COMBINE_HIDPI_IMAGES = YES;
				INFOPLIST_FILE = "DJ Khaled QuotesTests/Info.plist";
				LD_RUNPATH_SEARCH_PATHS = "$(inherited) @executable_path/../Frameworks @loader_path/../Frameworks";
				PRODUCT_BUNDLE_IDENTIFIER = "com.TDApps.DJ-Khaled-QuotesTests";
				PRODUCT_NAME = "$(TARGET_NAME)";
				TEST_HOST = "$(BUILT_PRODUCTS_DIR)/DJ Khaled Quotes.app/Contents/MacOS/DJ Khaled Quotes";
			};
			name = Debug;
		};
		06DEDEA11C3862BC009F4D41 /* Release */ = {
			isa = XCBuildConfiguration;
			buildSettings = {
				BUNDLE_LOADER = "$(TEST_HOST)";
				COMBINE_HIDPI_IMAGES = YES;
				INFOPLIST_FILE = "DJ Khaled QuotesTests/Info.plist";
				LD_RUNPATH_SEARCH_PATHS = "$(inherited) @executable_path/../Frameworks @loader_path/../Frameworks";
				PRODUCT_BUNDLE_IDENTIFIER = "com.TDApps.DJ-Khaled-QuotesTests";
				PRODUCT_NAME = "$(TARGET_NAME)";
				TEST_HOST = "$(BUILT_PRODUCTS_DIR)/DJ Khaled Quotes.app/Contents/MacOS/DJ Khaled Quotes";
			};
			name = Release;
		};
/* End XCBuildConfiguration section */

/* Begin XCConfigurationList section */
		06DEDE7F1C3862BC009F4D41 /* Build configuration list for PBXProject "DJ Khaled Quotes" */ = {
			isa = XCConfigurationList;
			buildConfigurations = (
				06DEDE9A1C3862BC009F4D41 /* Debug */,
				06DEDE9B1C3862BC009F4D41 /* Release */,
			);
			defaultConfigurationIsVisible = 0;
			defaultConfigurationName = Release;
		};
		06DEDE9C1C3862BC009F4D41 /* Build configuration list for PBXNativeTarget "DJ Khaled Quotes" */ = {
			isa = XCConfigurationList;
			buildConfigurations = (
				06DEDE9D1C3862BC009F4D41 /* Debug */,
				06DEDE9E1C3862BC009F4D41 /* Release */,
			);
			defaultConfigurationIsVisible = 0;
		};
		06DEDE9F1C3862BC009F4D41 /* Build configuration list for PBXNativeTarget "DJ Khaled QuotesTests" */ = {
			isa = XCConfigurationList;
			buildConfigurations = (
				06DEDEA01C3862BC009F4D41 /* Debug */,
				06DEDEA11C3862BC009F4D41 /* Release */,
			);
			defaultConfigurationIsVisible = 0;
		};
/* End XCConfigurationList section */
	};
	rootObject = 06DEDE7C1C3862BC009F4D41 /* Project object */;
}
